
Microsoft Visual Studio Solution File, Format Version 12.00
Project("{FAE04EC0-301F-11D3-BF4B-00C04F79EFBC}") = "VKore", "VKore\VKore.csproj", "{F1864BEA-D157-4681-B4E2-1C399D021ADE}"
EndProject
Global
	GlobalSection(SolutionConfigurationPlatforms) = preSolution
		Debug|Any CPU = Debug|Any CPU
		Release|Any CPU = Release|Any CPU
	EndGlobalSection
	GlobalSection(ProjectConfigurationPlatforms) = postSolution
		{F1864BEA-D157-4681-B4E2-1C399D021ADE}.Debug|Any CPU.ActiveCfg = Debug|Any CPU
		{F1864BEA-D157-4681-B4E2-1C399D021ADE}.Debug|Any CPU.Build.0 = Debug|Any CPU
		{F1864BEA-D157-4681-B4E2-1C399D021ADE}.Release|Any CPU.ActiveCfg = Release|Any CPU
		{F1864BEA-D157-4681-B4E2-1C399D021ADE}.Release|Any CPU.Build.0 = Release|Any CPU
	EndGlobalSection
EndGlobal
